schema: '2.0'
stages:
  main:
    cmd: python main.py
    deps:
    - path: main.py
      hash: md5
      md5: c10272a162abc4c939a05398ba246887
      size: 7426
    params:
      params.yaml:
        params.batch_size: 64
        params.model_config:
          1:
            Activation Function: Tanh
            J1: 120
            J2: 84
          2:
            Activation Function: ReLU
            J1: 120
            J2: 84
          3:
            Activation Function: Sigmoid
            J1: 120
            J2: 84
          4:
            Activation Function: Tanh
            J1: 100
            J2: 50
          5:
            Activation Function: Tanh
            J1: 50
            J2: 30
        params.model_no: 1
        params.num_epochs: 10
