schema: '2.0'
stages:
  main:
    cmd: python main.py
    deps:
    - path: main.py
      hash: md5
      md5: 5a25e7c7d9c5333a228d18493a5b488c
      size: 7438
    params:
      params.yaml:
        params.batch_size: 64
        params.model_config:
          1:
            Activation Function: Tanh
            J1: 120
            J2: 84
          2:
            Activation Function: ReLU
            J1: 120
            J2: 84
          3:
            Activation Function: Sigmoid
            J1: 120
            J2: 84
          4:
            Activation Function: Tanh
            J1: 100
            J2: 50
          5:
            Activation Function: Tanh
            J1: 50
            J2: 30
        params.model_no: 4
        params.num_epochs: 10
